
Microsoft Visual Studio Solution File, Format Version 12.00
# Visual Studio Version 17
VisualStudioVersion = 17.8.34511.84
MinimumVisualStudioVersion = 10.0.40219.1
Project("{FAE04EC0-301F-11D3-BF4B-00C04F79EFBC}") = "MauiApp1", "MauiApp1\MauiApp1.csproj", "{A83203E2-879B-4E00-89B8-CF6F8562DA39}"
EndProject
Global
	GlobalSection(SolutionConfigurationPlatforms) = preSolution
		Debug|Any CPU = Debug|Any CPU
		Release|Any CPU = Release|Any CPU
	EndGlobalSection
	GlobalSection(ProjectConfigurationPlatforms) = postSolution
		{A83203E2-879B-4E00-89B8-CF6F8562DA39}.Debug|Any CPU.ActiveCfg = Debug|Any CPU
		{A83203E2-879B-4E00-89B8-CF6F8562DA39}.Debug|Any CPU.Build.0 = Debug|Any CPU
		{A83203E2-879B-4E00-89B8-CF6F8562DA39}.Debug|Any CPU.Deploy.0 = Debug|Any CPU
		{A83203E2-879B-4E00-89B8-CF6F8562DA39}.Release|Any CPU.ActiveCfg = Release|Any CPU
		{A83203E2-879B-4E00-89B8-CF6F8562DA39}.Release|Any CPU.Build.0 = Release|Any CPU
		{A83203E2-879B-4E00-89B8-CF6F8562DA39}.Release|Any CPU.Deploy.0 = Release|Any CPU
	EndGlobalSection
	GlobalSection(SolutionProperties) = preSolution
		HideSolutionNode = FALSE
	EndGlobalSection
	GlobalSection(ExtensibilityGlobals) = postSolution
		SolutionGuid = {07D2A6A8-6C8B-4EE6-89A4-BE6EF1083A3F}
	EndGlobalSection
EndGlobal
